{
  "lockfile_version": "1",
  "packages": {
    "github:NixOS/nixpkgs/nixpkgs-unstable": {
      "resolved": "github:NixOS/nixpkgs/2bfc080955153be0be56724be6fa5477b4eefabb?lastModified=1743689281&narHash=sha256-y7Hg5lwWhEOgflEHRfzSH96BOt26LaYfrYWzZ%2BVoVdg%3D"
    },
    "github:gren-lang/nix/0.5.4": {
      "resolved": "github:gren-lang/nix/35601dd5c34adce2bbc6740ccc19a55078eb27be?lastModified=1742812541&narHash=sha256-iJcZAefSQM67bMRlJPEXT0%2FkVUoEmcr9NYTUPLoAO%2FE%3D"
    }
  }
}
